schema: '2.0'
stages:
  train_model:
    cmd: python train.py
    deps:
    - path: data/dataset.csv
      hash: md5
      md5: 89c95b1e5d7574de41d62c3a92a1a073
      size: 60
    - path: train.py
      hash: md5
      md5: cf63748de7e56c2ca65b5421e85bb64f
      size: 621
    outs:
    - path: model.pkl
      hash: md5
      md5: 850f8b4e317f40794c7341ac7d44f90f
      size: 828
